// !$*UTF8*$!
{
	archiveVersion = 1;
	classes = {
	};
	objectVersion = 48;
	objects = {

/* Begin PBXBuildFile section */
		0D15ADF41F972A02005E198E /* AppDelegate.swift in Sources */ = {isa = PBXBuildFile; fileRef = 0D15ADF31F972A02005E198E /* AppDelegate.swift */; };
		0D15ADF61F972A02005E198E /* ViewController.swift in Sources */ = {isa = PBXBuildFile; fileRef = 0D15ADF51F972A02005E198E /* ViewController.swift */; };
		0D15ADF91F972A02005E198E /* Main.storyboard in Resources */ = {isa = PBXBuildFile; fileRef = 0D15ADF71F972A02005E198E /* Main.storyboard */; };
		0D15ADFB1F972A02005E198E /* Assets.xcassets in Resources */ = {isa = PBXBuildFile; fileRef = 0D15ADFA1F972A02005E198E /* Assets.xcassets */; };
		0D15ADFE1F972A02005E198E /* LaunchScreen.storyboard in Resources */ = {isa = PBXBuildFile; fileRef = 0D15ADFC1F972A02005E198E /* LaunchScreen.storyboard */; };
		0D15AE091F972A02005E198E /* swiftDemoTests.swift in Sources */ = {isa = PBXBuildFile; fileRef = 0D15AE081F972A02005E198E /* swiftDemoTests.swift */; };
		0D15AE141F972A02005E198E /* swiftDemoUITests.swift in Sources */ = {isa = PBXBuildFile; fileRef = 0D15AE131F972A02005E198E /* swiftDemoUITests.swift */; };
		0D15AE251F9748E7005E198E /* User.swift in Sources */ = {isa = PBXBuildFile; fileRef = 0D15AE241F9748E7005E198E /* User.swift */; };
		0D4467061F9D90D200C9ECCA /* UserHelper.swift in Sources */ = {isa = PBXBuildFile; fileRef = 0D4467051F9D90D200C9ECCA /* UserHelper.swift */; };
		0DD2E5A81F998A14008A6299 /* NetworkFetcher.swift in Sources */ = {isa = PBXBuildFile; fileRef = 0DD2E5A71F998A14008A6299 /* NetworkFetcher.swift */; };
		10863C5B3CBAC3589172BAA0 /* Pods_swiftDemo.framework in Frameworks */ = {isa = PBXBuildFile; fileRef = EAE2C4663865E8823C5DE15C /* Pods_swiftDemo.framework */; };
		5607AF6D9C6716927063D931 /* Pods_swiftDemoUITests.framework in Frameworks */ = {isa = PBXBuildFile; fileRef = 904A739A72498597ED06C9D0 /* Pods_swiftDemoUITests.framework */; };
		73CA8C1064B04B86D49943F1 /* Pods_swiftDemoTests.framework in Frameworks */ = {isa = PBXBuildFile; fileRef = 4ABE290A3CF72A384C00329F /* Pods_swiftDemoTests.framework */; };
/* End PBXBuildFile section */

/* Begin PBXContainerItemProxy section */
		0D15AE051F972A02005E198E /* PBXContainerItemProxy */ = {
			isa = PBXContainerItemProxy;
			containerPortal = 0D15ADE81F972A02005E198E /* Project object */;
			proxyType = 1;
			remoteGlobalIDString = 0D15ADEF1F972A02005E198E;
			remoteInfo = swiftDemo;
		};
		0D15AE101F972A02005E198E /* PBXContainerItemProxy */ = {
			isa = PBXContainerItemProxy;
			containerPortal = 0D15ADE81F972A02005E198E /* Project object */;
			proxyType = 1;
			remoteGlobalIDString = 0D15ADEF1F972A02005E198E;
			remoteInfo = swiftDemo;
		};
/* End PBXContainerItemProxy section */

/* Begin PBXFileReference section */
		0D0C9807EA8E1B7F3C26D972 /* Pods-swiftDemoTests.debug.xcconfig */ = {isa = PBXFileReference; includeInIndex = 1; lastKnownFileType = text.xcconfig; name = "Pods-swiftDemoTests.debug.xcconfig"; path = "Pods/Target Support Files/Pods-swiftDemoTests/Pods-swiftDemoTests.debug.xcconfig"; sourceTree = "<group>"; };
		0D15ADF01F972A02005E198E /* swiftDemo.app */ = {isa = PBXFileReference; explicitFileType = wrapper.application; includeInIndex = 0; path = swiftDemo.app; sourceTree = BUILT_PRODUCTS_DIR; };
		0D15ADF31F972A02005E198E /* AppDelegate.swift */ = {isa = PBXFileReference; lastKnownFileType = sourcecode.swift; path = AppDelegate.swift; sourceTree = "<group>"; };
		0D15ADF51F972A02005E198E /* ViewController.swift */ = {isa = PBXFileReference; lastKnownFileType = sourcecode.swift; path = ViewController.swift; sourceTree = "<group>"; };
		0D15ADF81F972A02005E198E /* Base */ = {isa = PBXFileReference; lastKnownFileType = file.storyboard; name = Base; path = Base.lproj/Main.storyboard; sourceTree = "<group>"; };
		0D15ADFA1F972A02005E198E /* Assets.xcassets */ = {isa = PBXFileReference; lastKnownFileType = folder.assetcatalog; path = Assets.xcassets; sourceTree = "<group>"; };
		0D15ADFD1F972A02005E198E /* Base */ = {isa = PBXFileReference; lastKnownFileType = file.storyboard; name = Base; path = Base.lproj/LaunchScreen.storyboard; sourceTree = "<group>"; };
		0D15ADFF1F972A02005E198E /* Info.plist */ = {isa = PBXFileReference; lastKnownFileType = text.plist.xml; path = Info.plist; sourceTree = "<group>"; };
		0D15AE041F972A02005E198E /* swiftDemoTests.xctest */ = {isa = PBXFileReference; explicitFileType = wrapper.cfbundle; includeInIndex = 0; path = swiftDemoTests.xctest; sourceTree = BUILT_PRODUCTS_DIR; };
		0D15AE081F972A02005E198E /* swiftDemoTests.swift */ = {isa = PBXFileReference; lastKnownFileType = sourcecode.swift; path = swiftDemoTests.swift; sourceTree = "<group>"; };
		0D15AE0A1F972A02005E198E /* Info.plist */ = {isa = PBXFileReference; lastKnownFileType = text.plist.xml; path = Info.plist; sourceTree = "<group>"; };
		0D15AE0F1F972A02005E198E /* swiftDemoUITests.xctest */ = {isa = PBXFileReference; explicitFileType = wrapper.cfbundle; includeInIndex = 0; path = swiftDemoUITests.xctest; sourceTree = BUILT_PRODUCTS_DIR; };
		0D15AE131F972A02005E198E /* swiftDemoUITests.swift */ = {isa = PBXFileReference; lastKnownFileType = sourcecode.swift; path = swiftDemoUITests.swift; sourceTree = "<group>"; };
		0D15AE151F972A02005E198E /* Info.plist */ = {isa = PBXFileReference; lastKnownFileType = text.plist.xml; path = Info.plist; sourceTree = "<group>"; };
		0D15AE241F9748E7005E198E /* User.swift */ = {isa = PBXFileReference; lastKnownFileType = sourcecode.swift; path = User.swift; sourceTree = "<group>"; };
		0D4467051F9D90D200C9ECCA /* UserHelper.swift */ = {isa = PBXFileReference; lastKnownFileType = sourcecode.swift; path = UserHelper.swift; sourceTree = "<group>"; };
		0DD2E5A71F998A14008A6299 /* NetworkFetcher.swift */ = {isa = PBXFileReference; lastKnownFileType = sourcecode.swift; path = NetworkFetcher.swift; sourceTree = "<group>"; };
		18584642C3806A47C72F1165 /* Pods-swiftDemoTests.release.xcconfig */ = {isa = PBXFileReference; includeInIndex = 1; lastKnownFileType = text.xcconfig; name = "Pods-swiftDemoTests.release.xcconfig"; path = "Pods/Target Support Files/Pods-swiftDemoTests/Pods-swiftDemoTests.release.xcconfig"; sourceTree = "<group>"; };
		4ABE290A3CF72A384C00329F /* Pods_swiftDemoTests.framework */ = {isa = PBXFileReference; explicitFileType = wrapper.framework; includeInIndex = 0; path = Pods_swiftDemoTests.framework; sourceTree = BUILT_PRODUCTS_DIR; };
		57E95A86CFE021436B8A0D43 /* Pods-swiftDemo.debug.xcconfig */ = {isa = PBXFileReference; includeInIndex = 1; lastKnownFileType = text.xcconfig; name = "Pods-swiftDemo.debug.xcconfig"; path = "Pods/Target Support Files/Pods-swiftDemo/Pods-swiftDemo.debug.xcconfig"; sourceTree = "<group>"; };
		904A739A72498597ED06C9D0 /* Pods_swiftDemoUITests.framework */ = {isa = PBXFileReference; explicitFileType = wrapper.framework; includeInIndex = 0; path = Pods_swiftDemoUITests.framework; sourceTree = BUILT_PRODUCTS_DIR; };
		9A5BBC8FAB83AE5E691F65E1 /* Pods-swiftDemoUITests.release.xcconfig */ = {isa = PBXFileReference; includeInIndex = 1; lastKnownFileType = text.xcconfig; name = "Pods-swiftDemoUITests.release.xcconfig"; path = "Pods/Target Support Files/Pods-swiftDemoUITests/Pods-swiftDemoUITests.release.xcconfig"; sourceTree = "<group>"; };
		A3F60EE6270ECD7B4A8FB3E8 /* Pods-swiftDemoUITests.debug.xcconfig */ = {isa = PBXFileReference; includeInIndex = 1; lastKnownFileType = text.xcconfig; name = "Pods-swiftDemoUITests.debug.xcconfig"; path = "Pods/Target Support Files/Pods-swiftDemoUITests/Pods-swiftDemoUITests.debug.xcconfig"; sourceTree = "<group>"; };
		B4C133058566CBBE1C5287CD /* Pods-swiftDemo.release.xcconfig */ = {isa = PBXFileReference; includeInIndex = 1; lastKnownFileType = text.xcconfig; name = "Pods-swiftDemo.release.xcconfig"; path = "Pods/Target Support Files/Pods-swiftDemo/Pods-swiftDemo.release.xcconfig"; sourceTree = "<group>"; };
		EAE2C4663865E8823C5DE15C /* Pods_swiftDemo.framework */ = {isa = PBXFileReference; explicitFileType = wrapper.framework; includeInIndex = 0; path = Pods_swiftDemo.framework; sourceTree = BUILT_PRODUCTS_DIR; };
/* End PBXFileReference section */

/* Begin PBXFrameworksBuildPhase section */
		0D15ADED1F972A02005E198E /* Frameworks */ = {
			isa = PBXFrameworksBuildPhase;
			buildActionMask = 2147483647;
			files = (
				10863C5B3CBAC3589172BAA0 /* Pods_swiftDemo.framework in Frameworks */,
			);
			runOnlyForDeploymentPostprocessing = 0;
		};
		0D15AE011F972A02005E198E /* Frameworks */ = {
			isa = PBXFrameworksBuildPhase;
			buildActionMask = 2147483647;
			files = (
				73CA8C1064B04B86D49943F1 /* Pods_swiftDemoTests.framework in Frameworks */,
			);
			runOnlyForDeploymentPostprocessing = 0;
		};
		0D15AE0C1F972A02005E198E /* Frameworks */ = {
			isa = PBXFrameworksBuildPhase;
			buildActionMask = 2147483647;
			files = (
				5607AF6D9C6716927063D931 /* Pods_swiftDemoUITests.framework in Frameworks */,
			);
			runOnlyForDeploymentPostprocessing = 0;
		};
/* End PBXFrameworksBuildPhase section */

/* Begin PBXGroup section */
		0D15ADE71F972A02005E198E = {
			isa = PBXGroup;
			children = (
				0D15ADF21F972A02005E198E /* swiftDemo */,
				0D15AE071F972A02005E198E /* swiftDemoTests */,
				0D15AE121F972A02005E198E /* swiftDemoUITests */,
				0D15ADF11F972A02005E198E /* Products */,
				C567E3F01CCA297D70A219AF /* Pods */,
				2C09A1DB76123E53708CBDA1 /* Frameworks */,
			);
			sourceTree = "<group>";
		};
		0D15ADF11F972A02005E198E /* Products */ = {
			isa = PBXGroup;
			children = (
				0D15ADF01F972A02005E198E /* swiftDemo.app */,
				0D15AE041F972A02005E198E /* swiftDemoTests.xctest */,
				0D15AE0F1F972A02005E198E /* swiftDemoUITests.xctest */,
			);
			name = Products;
			sourceTree = "<group>";
		};
		0D15ADF21F972A02005E198E /* swiftDemo */ = {
			isa = PBXGroup;
			children = (
				0DD2E5A61F9989FB008A6299 /* service */,
				0D15AE231F9746E9005E198E /* Views */,
				0D15AE221F9746D6005E198E /* Model */,
				0D15ADF31F972A02005E198E /* AppDelegate.swift */,
				0D15ADF51F972A02005E198E /* ViewController.swift */,
				0D15ADF71F972A02005E198E /* Main.storyboard */,
				0D15ADFA1F972A02005E198E /* Assets.xcassets */,
				0D15ADFC1F972A02005E198E /* LaunchScreen.storyboard */,
				0D15ADFF1F972A02005E198E /* Info.plist */,
			);
			path = swiftDemo;
			sourceTree = "<group>";
		};
		0D15AE071F972A02005E198E /* swiftDemoTests */ = {
			isa = PBXGroup;
			children = (
				0D15AE081F972A02005E198E /* swiftDemoTests.swift */,
				0D15AE0A1F972A02005E198E /* Info.plist */,
			);
			path = swiftDemoTests;
			sourceTree = "<group>";
		};
		0D15AE121F972A02005E198E /* swiftDemoUITests */ = {
			isa = PBXGroup;
			children = (
				0D15AE131F972A02005E198E /* swiftDemoUITests.swift */,
				0D15AE151F972A02005E198E /* Info.plist */,
			);
			path = swiftDemoUITests;
			sourceTree = "<group>";
		};
		0D15AE221F9746D6005E198E /* Model */ = {
			isa = PBXGroup;
			children = (
				0D15AE241F9748E7005E198E /* User.swift */,
			);
			path = Model;
			sourceTree = "<group>";
		};
		0D15AE231F9746E9005E198E /* Views */ = {
			isa = PBXGroup;
			children = (
			);
			path = Views;
			sourceTree = "<group>";
		};
		0DD2E5A61F9989FB008A6299 /* service */ = {
			isa = PBXGroup;
			children = (
				0DD2E5A71F998A14008A6299 /* NetworkFetcher.swift */,
				0D4467051F9D90D200C9ECCA /* UserHelper.swift */,
			);
			path = service;
			sourceTree = "<group>";
		};
		2C09A1DB76123E53708CBDA1 /* Frameworks */ = {
			isa = PBXGroup;
			children = (
				EAE2C4663865E8823C5DE15C /* Pods_swiftDemo.framework */,
				4ABE290A3CF72A384C00329F /* Pods_swiftDemoTests.framework */,
				904A739A72498597ED06C9D0 /* Pods_swiftDemoUITests.framework */,
			);
			name = Frameworks;
			sourceTree = "<group>";
		};
		C567E3F01CCA297D70A219AF /* Pods */ = {
			isa = PBXGroup;
			children = (
				57E95A86CFE021436B8A0D43 /* Pods-swiftDemo.debug.xcconfig */,
				B4C133058566CBBE1C5287CD /* Pods-swiftDemo.release.xcconfig */,
				0D0C9807EA8E1B7F3C26D972 /* Pods-swiftDemoTests.debug.xcconfig */,
				18584642C3806A47C72F1165 /* Pods-swiftDemoTests.release.xcconfig */,
				A3F60EE6270ECD7B4A8FB3E8 /* Pods-swiftDemoUITests.debug.xcconfig */,
				9A5BBC8FAB83AE5E691F65E1 /* Pods-swiftDemoUITests.release.xcconfig */,
			);
			name = Pods;
			sourceTree = "<group>";
		};
/* End PBXGroup section */

/* Begin PBXNativeTarget section */
		0D15ADEF1F972A02005E198E /* swiftDemo */ = {
			isa = PBXNativeTarget;
			buildConfigurationList = 0D15AE181F972A02005E198E /* Build configuration list for PBXNativeTarget "swiftDemo" */;
			buildPhases = (
				BFC94D08E6A29213EF570162 /* [CP] Check Pods Manifest.lock */,
				0D15ADEC1F972A02005E198E /* Sources */,
				0D15ADED1F972A02005E198E /* Frameworks */,
				0D15ADEE1F972A02005E198E /* Resources */,
				D5C12854B76B26C09C49F1A6 /* [CP] Embed Pods Frameworks */,
				4743DE4213BF4DA0F98BC2CA /* [CP] Copy Pods Resources */,
			);
			buildRules = (
			);
			dependencies = (
			);
			name = swiftDemo;
			productName = swiftDemo;
			productReference = 0D15ADF01F972A02005E198E /* swiftDemo.app */;
			productType = "com.apple.product-type.application";
		};
		0D15AE031F972A02005E198E /* swiftDemoTests */ = {
			isa = PBXNativeTarget;
			buildConfigurationList = 0D15AE1B1F972A02005E198E /* Build configuration list for PBXNativeTarget "swiftDemoTests" */;
			buildPhases = (
				10124A9E71B17A5D16ADBF03 /* [CP] Check Pods Manifest.lock */,
				0D15AE001F972A02005E198E /* Sources */,
				0D15AE011F972A02005E198E /* Frameworks */,
				0D15AE021F972A02005E198E /* Resources */,
				64F3811ED21ADFDD1C40DED0 /* [CP] Embed Pods Frameworks */,
				808426BFC452CE19DF631ED4 /* [CP] Copy Pods Resources */,
			);
			buildRules = (
			);
			dependencies = (
				0D15AE061F972A02005E198E /* PBXTargetDependency */,
			);
			name = swiftDemoTests;
			productName = swiftDemoTests;
			productReference = 0D15AE041F972A02005E198E /* swiftDemoTests.xctest */;
			productType = "com.apple.product-type.bundle.unit-test";
		};
		0D15AE0E1F972A02005E198E /* swiftDemoUITests */ = {
			isa = PBXNativeTarget;
			buildConfigurationList = 0D15AE1E1F972A02005E198E /* Build configuration list for PBXNativeTarget "swiftDemoUITests" */;
			buildPhases = (
				CE2BFFF4D9E5AC2CE9110AE8 /* [CP] Check Pods Manifest.lock */,
				0D15AE0B1F972A02005E198E /* Sources */,
				0D15AE0C1F972A02005E198E /* Frameworks */,
				0D15AE0D1F972A02005E198E /* Resources */,
				6434FD5DD4542D31E5FE9AF5 /* [CP] Embed Pods Frameworks */,
				F055065D67322D3D99DB1D60 /* [CP] Copy Pods Resources */,
			);
			buildRules = (
			);
			dependencies = (
				0D15AE111F972A02005E198E /* PBXTargetDependency */,
			);
			name = swiftDemoUITests;
			productName = swiftDemoUITests;
			productReference = 0D15AE0F1F972A02005E198E /* swiftDemoUITests.xctest */;
			productType = "com.apple.product-type.bundle.ui-testing";
		};
/* End PBXNativeTarget section */

/* Begin PBXProject section */
		0D15ADE81F972A02005E198E /* Project object */ = {
			isa = PBXProject;
			attributes = {
				LastSwiftUpdateCheck = 0900;
				LastUpgradeCheck = 0900;
				ORGANIZATIONNAME = JingZhao;
				TargetAttributes = {
					0D15ADEF1F972A02005E198E = {
						CreatedOnToolsVersion = 9.0.1;
						ProvisioningStyle = Automatic;
					};
					0D15AE031F972A02005E198E = {
						CreatedOnToolsVersion = 9.0.1;
						ProvisioningStyle = Automatic;
						TestTargetID = 0D15ADEF1F972A02005E198E;
					};
					0D15AE0E1F972A02005E198E = {
						CreatedOnToolsVersion = 9.0.1;
						ProvisioningStyle = Automatic;
						TestTargetID = 0D15ADEF1F972A02005E198E;
					};
				};
			};
			buildConfigurationList = 0D15ADEB1F972A02005E198E /* Build configuration list for PBXProject "swiftDemo" */;
			compatibilityVersion = "Xcode 8.0";
			developmentRegion = en;
			hasScannedForEncodings = 0;
			knownRegions = (
				en,
				Base,
			);
			mainGroup = 0D15ADE71F972A02005E198E;
			productRefGroup = 0D15ADF11F972A02005E198E /* Products */;
			projectDirPath = "";
			projectRoot = "";
			targets = (
				0D15ADEF1F972A02005E198E /* swiftDemo */,
				0D15AE031F972A02005E198E /* swiftDemoTests */,
				0D15AE0E1F972A02005E198E /* swiftDemoUITests */,
			);
		};
/* End PBXProject section */

/* Begin PBXResourcesBuildPhase section */
		0D15ADEE1F972A02005E198E /* Resources */ = {
			isa = PBXResourcesBuildPhase;
			buildActionMask = 2147483647;
			files = (
				0D15ADFE1F972A02005E198E /* LaunchScreen.storyboard in Resources */,
				0D15ADFB1F972A02005E198E /* Assets.xcassets in Resources */,
				0D15ADF91F972A02005E198E /* Main.storyboard in Resources */,
			);
			runOnlyForDeploymentPostprocessing = 0;
		};
		0D15AE021F972A02005E198E /* Resources */ = {
			isa = PBXResourcesBuildPhase;
			buildActionMask = 2147483647;
			files = (
			);
			runOnlyForDeploymentPostprocessing = 0;
		};
		0D15AE0D1F972A02005E198E /* Resources */ = {
			isa = PBXResourcesBuildPhase;
			buildActionMask = 2147483647;
			files = (
			);
			runOnlyForDeploymentPostprocessing = 0;
		};
/* End PBXResourcesBuildPhase section */

/* Begin PBXShellScriptBuildPhase section */
		10124A9E71B17A5D16ADBF03 /* [CP] Check Pods Manifest.lock */ = {
			isa = PBXShellScriptBuildPhase;
			buildActionMask = 2147483647;
			files = (
			);
			inputPaths = (
				"${PODS_PODFILE_DIR_PATH}/Podfile.lock",
				"${PODS_ROOT}/Manifest.lock",
			);
			name = "[CP] Check Pods Manifest.lock";
			outputPaths = (
				"$(DERIVED_FILE_DIR)/Pods-swiftDemoTests-checkManifestLockResult.txt",
			);
			runOnlyForDeploymentPostprocessing = 0;
			shellPath = /bin/sh;
			shellScript = "diff \"${PODS_PODFILE_DIR_PATH}/Podfile.lock\" \"${PODS_ROOT}/Manifest.lock\" > /dev/null\nif [ $? != 0 ] ; then\n    # print error to STDERR\n    echo \"error: The sandbox is not in sync with the Podfile.lock. Run 'pod install' or update your CocoaPods installation.\" >&2\n    exit 1\nfi\n# This output is used by Xcode 'outputs' to avoid re-running this script phase.\necho \"SUCCESS\" > \"${SCRIPT_OUTPUT_FILE_0}\"\n";
			showEnvVarsInLog = 0;
		};
		4743DE4213BF4DA0F98BC2CA /* [CP] Copy Pods Resources */ = {
			isa = PBXShellScriptBuildPhase;
			buildActionMask = 2147483647;
			files = (
			);
			inputPaths = (
			);
			name = "[CP] Copy Pods Resources";
			outputPaths = (
			);
			runOnlyForDeploymentPostprocessing = 0;
			shellPath = /bin/sh;
			shellScript = "\"${SRCROOT}/Pods/Target Support Files/Pods-swiftDemo/Pods-swiftDemo-resources.sh\"\n";
			showEnvVarsInLog = 0;
		};
		6434FD5DD4542D31E5FE9AF5 /* [CP] Embed Pods Frameworks */ = {
			isa = PBXShellScriptBuildPhase;
			buildActionMask = 2147483647;
			files = (
			);
			inputPaths = (
			);
			name = "[CP] Embed Pods Frameworks";
			outputPaths = (
			);
			runOnlyForDeploymentPostprocessing = 0;
			shellPath = /bin/sh;
			shellScript = "\"${SRCROOT}/Pods/Target Support Files/Pods-swiftDemoUITests/Pods-swiftDemoUITests-frameworks.sh\"\n";
			showEnvVarsInLog = 0;
		};
		64F3811ED21ADFDD1C40DED0 /* [CP] Embed Pods Frameworks */ = {
			isa = PBXShellScriptBuildPhase;
			buildActionMask = 2147483647;
			files = (
			);
			inputPaths = (
				"${SRCROOT}/Pods/Target Support Files/Pods-swiftDemoTests/Pods-swiftDemoTests-frameworks.sh",
				"${BUILT_PRODUCTS_DIR}/Nimble/Nimble.framework",
				"${BUILT_PRODUCTS_DIR}/Quick/Quick.framework",
			);
			name = "[CP] Embed Pods Frameworks";
			outputPaths = (
				"${TARGET_BUILD_DIR}/${FRAMEWORKS_FOLDER_PATH}/Nimble.framework",
				"${TARGET_BUILD_DIR}/${FRAMEWORKS_FOLDER_PATH}/Quick.framework",
			);
			runOnlyForDeploymentPostprocessing = 0;
			shellPath = /bin/sh;
			shellScript = "\"${SRCROOT}/Pods/Target Support Files/Pods-swiftDemoTests/Pods-swiftDemoTests-frameworks.sh\"\n";
			showEnvVarsInLog = 0;
		};
		808426BFC452CE19DF631ED4 /* [CP] Copy Pods Resources */ = {
			isa = PBXShellScriptBuildPhase;
			buildActionMask = 2147483647;
			files = (
			);
			inputPaths = (
			);
			name = "[CP] Copy Pods Resources";
			outputPaths = (
			);
			runOnlyForDeploymentPostprocessing = 0;
			shellPath = /bin/sh;
			shellScript = "\"${SRCROOT}/Pods/Target Support Files/Pods-swiftDemoTests/Pods-swiftDemoTests-resources.sh\"\n";
			showEnvVarsInLog = 0;
		};
		BFC94D08E6A29213EF570162 /* [CP] Check Pods Manifest.lock */ = {
			isa = PBXShellScriptBuildPhase;
			buildActionMask = 2147483647;
			files = (
			);
			inputPaths = (
				"${PODS_PODFILE_DIR_PATH}/Podfile.lock",
				"${PODS_ROOT}/Manifest.lock",
			);
			name = "[CP] Check Pods Manifest.lock";
			outputPaths = (
				"$(DERIVED_FILE_DIR)/Pods-swiftDemo-checkManifestLockResult.txt",
			);
			runOnlyForDeploymentPostprocessing = 0;
			shellPath = /bin/sh;
			shellScript = "diff \"${PODS_PODFILE_DIR_PATH}/Podfile.lock\" \"${PODS_ROOT}/Manifest.lock\" > /dev/null\nif [ $? != 0 ] ; then\n    # print error to STDERR\n    echo \"error: The sandbox is not in sync with the Podfile.lock. Run 'pod install' or update your CocoaPods installation.\" >&2\n    exit 1\nfi\n# This output is used by Xcode 'outputs' to avoid re-running this script phase.\necho \"SUCCESS\" > \"${SCRIPT_OUTPUT_FILE_0}\"\n";
			showEnvVarsInLog = 0;
		};
		CE2BFFF4D9E5AC2CE9110AE8 /* [CP] Check Pods Manifest.lock */ = {
			isa = PBXShellScriptBuildPhase;
			buildActionMask = 2147483647;
			files = (
			);
			inputPaths = (
				"${PODS_PODFILE_DIR_PATH}/Podfile.lock",
				"${PODS_ROOT}/Manifest.lock",
			);
			name = "[CP] Check Pods Manifest.lock";
			outputPaths = (
				"$(DERIVED_FILE_DIR)/Pods-swiftDemoUITests-checkManifestLockResult.txt",
			);
			runOnlyForDeploymentPostprocessing = 0;
			shellPath = /bin/sh;
			shellScript = "diff \"${PODS_PODFILE_DIR_PATH}/Podfile.lock\" \"${PODS_ROOT}/Manifest.lock\" > /dev/null\nif [ $? != 0 ] ; then\n    # print error to STDERR\n    echo \"error: The sandbox is not in sync with the Podfile.lock. Run 'pod install' or update your CocoaPods installation.\" >&2\n    exit 1\nfi\n# This output is used by Xcode 'outputs' to avoid re-running this script phase.\necho \"SUCCESS\" > \"${SCRIPT_OUTPUT_FILE_0}\"\n";
			showEnvVarsInLog = 0;
		};
		D5C12854B76B26C09C49F1A6 /* [CP] Embed Pods Frameworks */ = {
			isa = PBXShellScriptBuildPhase;
			buildActionMask = 2147483647;
			files = (
			);
			inputPaths = (
				"${SRCROOT}/Pods/Target Support Files/Pods-swiftDemo/Pods-swiftDemo-frameworks.sh",
				"${BUILT_PRODUCTS_DIR}/Alamofire/Alamofire.framework",
				"${BUILT_PRODUCTS_DIR}/Kingfisher/Kingfisher.framework",
				"${BUILT_PRODUCTS_DIR}/PromiseKit/PromiseKit.framework",
				"${BUILT_PRODUCTS_DIR}/R.swift.Library/Rswift.framework",
				"${BUILT_PRODUCTS_DIR}/SnapKit/SnapKit.framework",
				"${BUILT_PRODUCTS_DIR}/SwiftyJSON/SwiftyJSON.framework",
			);
			name = "[CP] Embed Pods Frameworks";
			outputPaths = (
				"${TARGET_BUILD_DIR}/${FRAMEWORKS_FOLDER_PATH}/Alamofire.framework",
				"${TARGET_BUILD_DIR}/${FRAMEWORKS_FOLDER_PATH}/Kingfisher.framework",
				"${TARGET_BUILD_DIR}/${FRAMEWORKS_FOLDER_PATH}/PromiseKit.framework",
				"${TARGET_BUILD_DIR}/${FRAMEWORKS_FOLDER_PATH}/Rswift.framework",
				"${TARGET_BUILD_DIR}/${FRAMEWORKS_FOLDER_PATH}/SnapKit.framework",
				"${TARGET_BUILD_DIR}/${FRAMEWORKS_FOLDER_PATH}/SwiftyJSON.framework",
			);
			runOnlyForDeploymentPostprocessing = 0;
			shellPath = /bin/sh;
			shellScript = "\"${SRCROOT}/Pods/Target Support Files/Pods-swiftDemo/Pods-swiftDemo-frameworks.sh\"\n";
			showEnvVarsInLog = 0;
		};
		F055065D67322D3D99DB1D60 /* [CP] Copy Pods Resources */ = {
			isa = PBXShellScriptBuildPhase;
			buildActionMask = 2147483647;
			files = (
			);
			inputPaths = (
			);
			name = "[CP] Copy Pods Resources";
			outputPaths = (
			);
			runOnlyForDeploymentPostprocessing = 0;
			shellPath = /bin/sh;
			shellScript = "\"${SRCROOT}/Pods/Target Support Files/Pods-swiftDemoUITests/Pods-swiftDemoUITests-resources.sh\"\n";
			showEnvVarsInLog = 0;
		};
/* End PBXShellScriptBuildPhase section */

/* Begin PBXSourcesBuildPhase section */
		0D15ADEC1F972A02005E198E /* Sources */ = {
			isa = PBXSourcesBuildPhase;
			buildActionMask = 2147483647;
			files = (
				0D15ADF61F972A02005E198E /* ViewController.swift in Sources */,
				0D15ADF41F972A02005E198E /* AppDelegate.swift in Sources */,
				0DD2E5A81F998A14008A6299 /* NetworkFetcher.swift in Sources */,
				0D4467061F9D90D200C9ECCA /* UserHelper.swift in Sources */,
				0D15AE251F9748E7005E198E /* User.swift in Sources */,
			);
			runOnlyForDeploymentPostprocessing = 0;
		};
		0D15AE001F972A02005E198E /* Sources */ = {
			isa = PBXSourcesBuildPhase;
			buildActionMask = 2147483647;
			files = (
				0D15AE091F972A02005E198E /* swiftDemoTests.swift in Sources */,
			);
			runOnlyForDeploymentPostprocessing = 0;
		};
		0D15AE0B1F972A02005E198E /* Sources */ = {
			isa = PBXSourcesBuildPhase;
			buildActionMask = 2147483647;
			files = (
				0D15AE141F972A02005E198E /* swiftDemoUITests.swift in Sources */,
			);
			runOnlyForDeploymentPostprocessing = 0;
		};
/* End PBXSourcesBuildPhase section */

/* Begin PBXTargetDependency section */
		0D15AE061F972A02005E198E /* PBXTargetDependency */ = {
			isa = PBXTargetDependency;
			target = 0D15ADEF1F972A02005E198E /* swiftDemo */;
			targetProxy = 0D15AE051F972A02005E198E /* PBXContainerItemProxy */;
		};
		0D15AE111F972A02005E198E /* PBXTargetDependency */ = {
			isa = PBXTargetDependency;
			target = 0D15ADEF1F972A02005E198E /* swiftDemo */;
			targetProxy = 0D15AE101F972A02005E198E /* PBXContainerItemProxy */;
		};
/* End PBXTargetDependency section */

/* Begin PBXVariantGroup section */
		0D15ADF71F972A02005E198E /* Main.storyboard */ = {
			isa = PBXVariantGroup;
			children = (
				0D15ADF81F972A02005E198E /* Base */,
			);
			name = Main.storyboard;
			sourceTree = "<group>";
		};
		0D15ADFC1F972A02005E198E /* LaunchScreen.storyboard */ = {
			isa = PBXVariantGroup;
			children = (
				0D15ADFD1F972A02005E198E /* Base */,
			);
			name = LaunchScreen.storyboard;
			sourceTree = "<group>";
		};
/* End PBXVariantGroup section */

/* Begin XCBuildConfiguration section */
		0D15AE161F972A02005E198E /* Debug */ = {
			isa = XCBuildConfiguration;
			buildSettings = {
				ALWAYS_SEARCH_USER_PATHS = NO;
				CLANG_ANALYZER_NONNULL = YES;
				CLANG_ANALYZER_NUMBER_OBJECT_CONVERSION = YES_AGGRESSIVE;
				CLANG_CXX_LANGUAGE_STANDARD = "gnu++14";
				CLANG_CXX_LIBRARY = "libc++";
				CLANG_ENABLE_MODULES = YES;
				CLANG_ENABLE_OBJC_ARC = YES;
				CLANG_WARN_BLOCK_CAPTURE_AUTORELEASING = YES;
				CLANG_WARN_BOOL_CONVERSION = YES;
				CLANG_WARN_COMMA = YES;
				CLANG_WARN_CONSTANT_CONVERSION = YES;
				CLANG_WARN_DIRECT_OBJC_ISA_USAGE = YES_ERROR;
				CLANG_WARN_DOCUMENTATION_COMMENTS = YES;
				CLANG_WARN_EMPTY_BODY = YES;
				CLANG_WARN_ENUM_CONVERSION = YES;
				CLANG_WARN_INFINITE_RECURSION = YES;
				CLANG_WARN_INT_CONVERSION = YES;
				CLANG_WARN_NON_LITERAL_NULL_CONVERSION = YES;
				CLANG_WARN_OBJC_LITERAL_CONVERSION = YES;
				CLANG_WARN_OBJC_ROOT_CLASS = YES_ERROR;
				CLANG_WARN_RANGE_LOOP_ANALYSIS = YES;
				CLANG_WARN_STRICT_PROTOTYPES = YES;
				CLANG_WARN_SUSPICIOUS_MOVE = YES;
				CLANG_WARN_UNGUARDED_AVAILABILITY = YES_AGGRESSIVE;
				CLANG_WARN_UNREACHABLE_CODE = YES;
				CLANG_WARN__DUPLICATE_METHOD_MATCH = YES;
				CODE_SIGN_IDENTITY = "iPhone Developer";
				COPY_PHASE_STRIP = NO;
				DEBUG_INFORMATION_FORMAT = dwarf;
				ENABLE_STRICT_OBJC_MSGSEND = YES;
				ENABLE_TESTABILITY = YES;
				GCC_C_LANGUAGE_STANDARD = gnu11;
				GCC_DYNAMIC_NO_PIC = NO;
				GCC_NO_COMMON_BLOCKS = YES;
				GCC_OPTIMIZATION_LEVEL = 0;
				GCC_PREPROCESSOR_DEFINITIONS = (
					"DEBUG=1",
					"$(inherited)",
				);
				GCC_WARN_64_TO_32_BIT_CONVERSION = YES;
				GCC_WARN_ABOUT_RETURN_TYPE = YES_ERROR;
				GCC_WARN_UNDECLARED_SELECTOR = YES;
				GCC_WARN_UNINITIALIZED_AUTOS = YES_AGGRESSIVE;
				GCC_WARN_UNUSED_FUNCTION = YES;
				GCC_WARN_UNUSED_VARIABLE = YES;
				IPHONEOS_DEPLOYMENT_TARGET = 11.0;
				MTL_ENABLE_DEBUG_INFO = YES;
				ONLY_ACTIVE_ARCH = YES;
				SDKROOT = iphoneos;
				SWIFT_ACTIVE_COMPILATION_CONDITIONS = DEBUG;
				SWIFT_OPTIMIZATION_LEVEL = "-Onone";
			};
			name = Debug;
		};
		0D15AE171F972A02005E198E /* Release */ = {
			isa = XCBuildConfiguration;
			buildSettings = {
				ALWAYS_SEARCH_USER_PATHS = NO;
				CLANG_ANALYZER_NONNULL = YES;
				CLANG_ANALYZER_NUMBER_OBJECT_CONVERSION = YES_AGGRESSIVE;
				CLANG_CXX_LANGUAGE_STANDARD = "gnu++14";
				CLANG_CXX_LIBRARY = "libc++";
				CLANG_ENABLE_MODULES = YES;
				CLANG_ENABLE_OBJC_ARC = YES;
				CLANG_WARN_BLOCK_CAPTURE_AUTORELEASING = YES;
				CLANG_WARN_BOOL_CONVERSION = YES;
				CLANG_WARN_COMMA = YES;
				CLANG_WARN_CONSTANT_CONVERSION = YES;
				CLANG_WARN_DIRECT_OBJC_ISA_USAGE = YES_ERROR;
				CLANG_WARN_DOCUMENTATION_COMMENTS = YES;
				CLANG_WARN_EMPTY_BODY = YES;
				CLANG_WARN_ENUM_CONVERSION = YES;
				CLANG_WARN_INFINITE_RECURSION = YES;
				CLANG_WARN_INT_CONVERSION = YES;
				CLANG_WARN_NON_LITERAL_NULL_CONVERSION = YES;
				CLANG_WARN_OBJC_LITERAL_CONVERSION = YES;
				CLANG_WARN_OBJC_ROOT_CLASS = YES_ERROR;
				CLANG_WARN_RANGE_LOOP_ANALYSIS = YES;
				CLANG_WARN_STRICT_PROTOTYPES = YES;
				CLANG_WARN_SUSPICIOUS_MOVE = YES;
				CLANG_WARN_UNGUARDED_AVAILABILITY = YES_AGGRESSIVE;
				CLANG_WARN_UNREACHABLE_CODE = YES;
				CLANG_WARN__DUPLICATE_METHOD_MATCH = YES;
				CODE_SIGN_IDENTITY = "iPhone Developer";
				COPY_PHASE_STRIP = NO;
				DEBUG_INFORMATION_FORMAT = "dwarf-with-dsym";
				ENABLE_NS_ASSERTIONS = NO;
				ENABLE_STRICT_OBJC_MSGSEND = YES;
				GCC_C_LANGUAGE_STANDARD = gnu11;
				GCC_NO_COMMON_BLOCKS = YES;
				GCC_WARN_64_TO_32_BIT_CONVERSION = YES;
				GCC_WARN_ABOUT_RETURN_TYPE = YES_ERROR;
				GCC_WARN_UNDECLARED_SELECTOR = YES;
				GCC_WARN_UNINITIALIZED_AUTOS = YES_AGGRESSIVE;
				GCC_WARN_UNUSED_FUNCTION = YES;
				GCC_WARN_UNUSED_VARIABLE = YES;
				IPHONEOS_DEPLOYMENT_TARGET = 11.0;
				MTL_ENABLE_DEBUG_INFO = NO;
				SDKROOT = iphoneos;
				SWIFT_OPTIMIZATION_LEVEL = "-Owholemodule";
				VALIDATE_PRODUCT = YES;
			};
			name = Release;
		};
		0D15AE191F972A02005E198E /* Debug */ = {
			isa = XCBuildConfiguration;
			baseConfigurationReference = 57E95A86CFE021436B8A0D43 /* Pods-swiftDemo.debug.xcconfig */;
			buildSettings = {
				ASSETCATALOG_COMPILER_APPICON_NAME = AppIcon;
				CODE_SIGN_STYLE = Automatic;
				INFOPLIST_FILE = swiftDemo/Info.plist;
				LD_RUNPATH_SEARCH_PATHS = "$(inherited) @executable_path/Frameworks";
				PRODUCT_BUNDLE_IDENTIFIER = au.com.realestate.swiftDemo;
				PRODUCT_NAME = "$(TARGET_NAME)";
				SWIFT_VERSION = 4.0;
				TARGETED_DEVICE_FAMILY = "1,2";
			};
			name = Debug;
		};
		0D15AE1A1F972A02005E198E /* Release */ = {
			isa = XCBuildConfiguration;
			baseConfigurationReference = B4C133058566CBBE1C5287CD /* Pods-swiftDemo.release.xcconfig */;
			buildSettings = {
				ASSETCATALOG_COMPILER_APPICON_NAME = AppIcon;
				CODE_SIGN_STYLE = Automatic;
				INFOPLIST_FILE = swiftDemo/Info.plist;
				LD_RUNPATH_SEARCH_PATHS = "$(inherited) @executable_path/Frameworks";
				PRODUCT_BUNDLE_IDENTIFIER = au.com.realestate.swiftDemo;
				PRODUCT_NAME = "$(TARGET_NAME)";
				SWIFT_VERSION = 4.0;
				TARGETED_DEVICE_FAMILY = "1,2";
			};
			name = Release;
		};
		0D15AE1C1F972A02005E198E /* Debug */ = {
			isa = XCBuildConfiguration;
			baseConfigurationReference = 0D0C9807EA8E1B7F3C26D972 /* Pods-swiftDemoTests.debug.xcconfig */;
			buildSettings = {
				ALWAYS_EMBED_SWIFT_STANDARD_LIBRARIES = YES;
				BUNDLE_LOADER = "$(TEST_HOST)";
				CODE_SIGN_STYLE = Automatic;
				INFOPLIST_FILE = swiftDemoTests/Info.plist;
				LD_RUNPATH_SEARCH_PATHS = "$(inherited) @executable_path/Frameworks @loader_path/Frameworks";
				PRODUCT_BUNDLE_IDENTIFIER = au.com.realestate.swiftDemoTests;
				PRODUCT_NAME = "$(TARGET_NAME)";
				SWIFT_VERSION = 4.0;
				TARGETED_DEVICE_FAMILY = "1,2";
				TEST_HOST = "$(BUILT_PRODUCTS_DIR)/swiftDemo.app/swiftDemo";
			};
			name = Debug;
		};
		0D15AE1D1F972A02005E198E /* Release */ = {
			isa = XCBuildConfiguration;
			baseConfigurationReference = 18584642C3806A47C72F1165 /* Pods-swiftDemoTests.release.xcconfig */;
			buildSettings = {
				ALWAYS_EMBED_SWIFT_STANDARD_LIBRARIES = YES;
				BUNDLE_LOADER = "$(TEST_HOST)";
				CODE_SIGN_STYLE = Automatic;
				INFOPLIST_FILE = swiftDemoTests/Info.plist;
				LD_RUNPATH_SEARCH_PATHS = "$(inherited) @executable_path/Frameworks @loader_path/Frameworks";
				PRODUCT_BUNDLE_IDENTIFIER = au.com.realestate.swiftDemoTests;
				PRODUCT_NAME = "$(TARGET_NAME)";
				SWIFT_VERSION = 4.0;
				TARGETED_DEVICE_FAMILY = "1,2";
				TEST_HOST = "$(BUILT_PRODUCTS_DIR)/swiftDemo.app/swiftDemo";
			};
			name = Release;
		};
		0D15AE1F1F972A02005E198E /* Debug */ = {
			isa = XCBuildConfiguration;
			baseConfigurationReference = A3F60EE6270ECD7B4A8FB3E8 /* Pods-swiftDemoUITests.debug.xcconfig */;
			buildSettings = {
				ALWAYS_EMBED_SWIFT_STANDARD_LIBRARIES = YES;
				CODE_SIGN_STYLE = Automatic;
				INFOPLIST_FILE = swiftDemoUITests/Info.plist;
				LD_RUNPATH_SEARCH_PATHS = "$(inherited) @executable_path/Frameworks @loader_path/Frameworks";
				PRODUCT_BUNDLE_IDENTIFIER = au.com.realestate.swiftDemoUITests;
				PRODUCT_NAME = "$(TARGET_NAME)";
				SWIFT_VERSION = 4.0;
				TARGETED_DEVICE_FAMILY = "1,2";
				TEST_TARGET_NAME = swiftDemo;
			};
			name = Debug;
		};
		0D15AE201F972A02005E198E /* Release */ = {
			isa = XCBuildConfiguration;
			baseConfigurationReference = 9A5BBC8FAB83AE5E691F65E1 /* Pods-swiftDemoUITests.release.xcconfig */;
			buildSettings = {
				ALWAYS_EMBED_SWIFT_STANDARD_LIBRARIES = YES;
				CODE_SIGN_STYLE = Automatic;
				INFOPLIST_FILE = swiftDemoUITests/Info.plist;
				LD_RUNPATH_SEARCH_PATHS = "$(inherited) @executable_path/Frameworks @loader_path/Frameworks";
				PRODUCT_BUNDLE_IDENTIFIER = au.com.realestate.swiftDemoUITests;
				PRODUCT_NAME = "$(TARGET_NAME)";
				SWIFT_VERSION = 4.0;
				TARGETED_DEVICE_FAMILY = "1,2";
				TEST_TARGET_NAME = swiftDemo;
			};
			name = Release;
		};
/* End XCBuildConfiguration section */

/* Begin XCConfigurationList section */
		0D15ADEB1F972A02005E198E /* Build configuration list for PBXProject "swiftDemo" */ = {
			isa = XCConfigurationList;
			buildConfigurations = (
				0D15AE161F972A02005E198E /* Debug */,
				0D15AE171F972A02005E198E /* Release */,
			);
			defaultConfigurationIsVisible = 0;
			defaultConfigurationName = Release;
		};
		0D15AE181F972A02005E198E /* Build configuration list for PBXNativeTarget "swiftDemo" */ = {
			isa = XCConfigurationList;
			buildConfigurations = (
				0D15AE191F972A02005E198E /* Debug */,
				0D15AE1A1F972A02005E198E /* Release */,
			);
			defaultConfigurationIsVisible = 0;
			defaultConfigurationName = Release;
		};
		0D15AE1B1F972A02005E198E /* Build configuration list for PBXNativeTarget "swiftDemoTests" */ = {
			isa = XCConfigurationList;
			buildConfigurations = (
				0D15AE1C1F972A02005E198E /* Debug */,
				0D15AE1D1F972A02005E198E /* Release */,
			);
			defaultConfigurationIsVisible = 0;
			defaultConfigurationName = Release;
		};
		0D15AE1E1F972A02005E198E /* Build configuration list for PBXNativeTarget "swiftDemoUITests" */ = {
			isa = XCConfigurationList;
			buildConfigurations = (
				0D15AE1F1F972A02005E198E /* Debug */,
				0D15AE201F972A02005E198E /* Release */,
			);
			defaultConfigurationIsVisible = 0;
			defaultConfigurationName = Release;
		};
/* End XCConfigurationList section */
	};
	rootObject = 0D15ADE81F972A02005E198E /* Project object */;
}
